
Microsoft Visual Studio Solution File, Format Version 12.00
# Visual Studio Version 16
VisualStudioVersion = 16.0.31005.135
MinimumVisualStudioVersion = 10.0.40219.1
Project("{FAE04EC0-301F-11D3-BF4B-00C04F79EFBC}") = "HWtest3", "HWtest3\HWtest3.csproj", "{68363996-2E12-41B9-A096-07E6EBBBD51E}"
EndProject
Global
	GlobalSection(SolutionConfigurationPlatforms) = preSolution
		Debug|Any CPU = Debug|Any CPU
		Release|Any CPU = Release|Any CPU
	EndGlobalSection
	GlobalSection(ProjectConfigurationPlatforms) = postSolution
		{68363996-2E12-41B9-A096-07E6EBBBD51E}.Debug|Any CPU.ActiveCfg = Debug|Any CPU
		{68363996-2E12-41B9-A096-07E6EBBBD51E}.Debug|Any CPU.Build.0 = Debug|Any CPU
		{68363996-2E12-41B9-A096-07E6EBBBD51E}.Release|Any CPU.ActiveCfg = Release|Any CPU
		{68363996-2E12-41B9-A096-07E6EBBBD51E}.Release|Any CPU.Build.0 = Release|Any CPU
	EndGlobalSection
	GlobalSection(SolutionProperties) = preSolution
		HideSolutionNode = FALSE
	EndGlobalSection
	GlobalSection(ExtensibilityGlobals) = postSolution
		SolutionGuid = {FE0692AB-43AA-4D98-8B30-E5E109920CAF}
	EndGlobalSection
EndGlobal
